<Solution>
  <Folder Name="/BuildingBlocks/">
    <Project Path="BuildingBlocks/BuildingBlocks/BuildingBlocks.csproj" Id="2de3ef3a-e4df-406f-b59c-0dedbe814e4f" />
  </Folder>
  <Folder Name="/Services/" />
  <Folder Name="/Services/Basket/">
    <Project Path="Services/Basket/BasketAPI/BasketAPI.csproj" Id="b2a5455b-bae0-4807-8b3e-a1df343a2c5f" />
  </Folder>
  <Folder Name="/Services/Catalog/">
    <Project Path="Services/Catalog/CatalogAPI/CatalogAPI.csproj" Id="2d23665f-ab6d-4007-a977-e5dc84955601" />
  </Folder>
  <Folder Name="/Services/Discount/">
    <Project Path="Services/Discount/Discount.gRPC/Discount.gRPC.csproj" Id="73f80fc3-92eb-4a07-bf28-5a5f9abbd872" />
  </Folder>
  <Project Path="docker-compose.dcproj">
    <Build />
  </Project>
</Solution>
